
Microsoft Visual Studio Solution File, Format Version 12.00
# Visual Studio 15
VisualStudioVersion = 15.0.26730.8
MinimumVisualStudioVersion = 10.0.40219.1
Project("{FAE04EC0-301F-11D3-BF4B-00C04F79EFBC}") = "P_Pictionary", "P_Pictionary\P_Pictionary.csproj", "{03B5CF3C-6B71-44A3-9F91-3A4F23C6426D}"
EndProject
Global
	GlobalSection(SolutionConfigurationPlatforms) = preSolution
		Debug|Any CPU = Debug|Any CPU
		Release|Any CPU = Release|Any CPU
	EndGlobalSection
	GlobalSection(ProjectConfigurationPlatforms) = postSolution
		{03B5CF3C-6B71-44A3-9F91-3A4F23C6426D}.Debug|Any CPU.ActiveCfg = Debug|Any CPU
		{03B5CF3C-6B71-44A3-9F91-3A4F23C6426D}.Debug|Any CPU.Build.0 = Debug|Any CPU
		{03B5CF3C-6B71-44A3-9F91-3A4F23C6426D}.Release|Any CPU.ActiveCfg = Release|Any CPU
		{03B5CF3C-6B71-44A3-9F91-3A4F23C6426D}.Release|Any CPU.Build.0 = Release|Any CPU
	EndGlobalSection
	GlobalSection(SolutionProperties) = preSolution
		HideSolutionNode = FALSE
	EndGlobalSection
	GlobalSection(ExtensibilityGlobals) = postSolution
		SolutionGuid = {1DE76EA4-D822-43A3-B8F2-BFB4F7AF8D1E}
	EndGlobalSection
EndGlobal
